
Microsoft Visual Studio Solution File, Format Version 12.00
# Visual Studio Version 16
VisualStudioVersion = 16.0.30225.117
MinimumVisualStudioVersion = 10.0.40219.1
Project("{FAE04EC0-301F-11D3-BF4B-00C04F79EFBC}") = "Tydzień4Lekcja11", "Tydzień4Lekcja11\Tydzień4Lekcja11.csproj", "{3A7B1926-E6E8-4880-8FD4-D19AA82C1198}"
EndProject
Global
	GlobalSection(SolutionConfigurationPlatforms) = preSolution
		Debug|Any CPU = Debug|Any CPU
		Release|Any CPU = Release|Any CPU
	EndGlobalSection
	GlobalSection(ProjectConfigurationPlatforms) = postSolution
		{3A7B1926-E6E8-4880-8FD4-D19AA82C1198}.Debug|Any CPU.ActiveCfg = Debug|Any CPU
		{3A7B1926-E6E8-4880-8FD4-D19AA82C1198}.Debug|Any CPU.Build.0 = Debug|Any CPU
		{3A7B1926-E6E8-4880-8FD4-D19AA82C1198}.Release|Any CPU.ActiveCfg = Release|Any CPU
		{3A7B1926-E6E8-4880-8FD4-D19AA82C1198}.Release|Any CPU.Build.0 = Release|Any CPU
	EndGlobalSection
	GlobalSection(SolutionProperties) = preSolution
		HideSolutionNode = FALSE
	EndGlobalSection
	GlobalSection(ExtensibilityGlobals) = postSolution
		SolutionGuid = {7BE33C54-AD16-4079-A428-270E8089EFEC}
	EndGlobalSection
EndGlobal
